{
  "name": "webapplication_restfulapi",
  "version": "1.0.0",
  "lockfileVersion": 1,
  "requires": true,
  "dependencies": {
    "statsd-client": {
      "version": "0.4.4",
      "resolved": "https://registry.npmjs.org/statsd-client/-/statsd-client-0.4.4.tgz",
      "integrity": "sha512-GjAReJDNZomTTTaIaDuDddWknHO2GXmXS/9JKy6iQFOHNSQ4yeaRGP18oNgahl+c3XTUfUWBYIUnipznNh5Vww=="
    }
  }
}
